
Microsoft Visual Studio Solution File, Format Version 12.00
# Visual Studio 2015
Project("{FAE04EC0-301F-11D3-BF4B-00C04F79EFBC}") = "Game403GroupProject", "Game403GroupProject.csproj", "{1D72ACF7-7869-1980-8C8D-9EA7384F657C}"
EndProject
Global
	GlobalSection(SolutionConfigurationPlatforms) = preSolution
		Debug|Any CPU = Debug|Any CPU
		Release|Any CPU = Release|Any CPU
	EndGlobalSection
	GlobalSection(ProjectConfigurationPlatforms) = postSolution
		{1D72ACF7-7869-1980-8C8D-9EA7384F657C}.Debug|Any CPU.ActiveCfg = Debug|Any CPU
		{1D72ACF7-7869-1980-8C8D-9EA7384F657C}.Debug|Any CPU.Build.0 = Debug|Any CPU
		{1D72ACF7-7869-1980-8C8D-9EA7384F657C}.Release|Any CPU.ActiveCfg = Release|Any CPU
		{1D72ACF7-7869-1980-8C8D-9EA7384F657C}.Release|Any CPU.Build.0 = Release|Any CPU
	EndGlobalSection
	GlobalSection(SolutionProperties) = preSolution
		HideSolutionNode = FALSE
	EndGlobalSection
EndGlobal
