
Microsoft Visual Studio Solution File, Format Version 12.00
# Visual Studio 14
VisualStudioVersion = 14.0.25420.1
MinimumVisualStudioVersion = 10.0.40219.1
Project("{FAE04EC0-301F-11D3-BF4B-00C04F79EFBC}") = "Game403GroupProject", "Game403GroupProject.csproj", "{1D72ACF7-7869-1980-8C8D-9EA7384F657C}"
EndProject
Project("{FAE04EC0-301F-11D3-BF4B-00C04F79EFBC}") = "Game403GroupProject.Player", "Game403GroupProject.Player.csproj", "{4B2A8C99-BBF6-4465-9E8C-A988DDB828A8}"
EndProject
Project("{FAE04EC0-301F-11D3-BF4B-00C04F79EFBC}") = "Game403GroupProject.Plugins", "Game403GroupProject.Plugins.csproj", "{0B4A6642-6783-D5A9-2277-F4D9702CF535}"
EndProject
Project("{FAE04EC0-301F-11D3-BF4B-00C04F79EFBC}") = "Game403GroupProject.Plugins.Player", "Game403GroupProject.Plugins.Player.csproj", "{523445A1-B886-4FC2-B0F7-3279D27AA258}"
EndProject
Project("{FAE04EC0-301F-11D3-BF4B-00C04F79EFBC}") = "Game403GroupProject.Editor.Plugins", "Game403GroupProject.Editor.Plugins.csproj", "{1450C5C4-F055-B0AD-5469-9861C4E7D733}"
EndProject
Global
	GlobalSection(SolutionConfigurationPlatforms) = preSolution
		Debug|Any CPU = Debug|Any CPU
		Release|Any CPU = Release|Any CPU
	EndGlobalSection
	GlobalSection(ProjectConfigurationPlatforms) = postSolution
		{1D72ACF7-7869-1980-8C8D-9EA7384F657C}.Debug|Any CPU.ActiveCfg = Debug|Any CPU
		{1D72ACF7-7869-1980-8C8D-9EA7384F657C}.Debug|Any CPU.Build.0 = Debug|Any CPU
		{1D72ACF7-7869-1980-8C8D-9EA7384F657C}.Release|Any CPU.ActiveCfg = Release|Any CPU
		{1D72ACF7-7869-1980-8C8D-9EA7384F657C}.Release|Any CPU.Build.0 = Release|Any CPU
		{4B2A8C99-BBF6-4465-9E8C-A988DDB828A8}.Debug|Any CPU.ActiveCfg = Debug|Any CPU
		{4B2A8C99-BBF6-4465-9E8C-A988DDB828A8}.Debug|Any CPU.Build.0 = Debug|Any CPU
		{4B2A8C99-BBF6-4465-9E8C-A988DDB828A8}.Release|Any CPU.ActiveCfg = Release|Any CPU
		{4B2A8C99-BBF6-4465-9E8C-A988DDB828A8}.Release|Any CPU.Build.0 = Release|Any CPU
		{0B4A6642-6783-D5A9-2277-F4D9702CF535}.Debug|Any CPU.ActiveCfg = Debug|Any CPU
		{0B4A6642-6783-D5A9-2277-F4D9702CF535}.Debug|Any CPU.Build.0 = Debug|Any CPU
		{0B4A6642-6783-D5A9-2277-F4D9702CF535}.Release|Any CPU.ActiveCfg = Release|Any CPU
		{0B4A6642-6783-D5A9-2277-F4D9702CF535}.Release|Any CPU.Build.0 = Release|Any CPU
		{523445A1-B886-4FC2-B0F7-3279D27AA258}.Debug|Any CPU.ActiveCfg = Debug|Any CPU
		{523445A1-B886-4FC2-B0F7-3279D27AA258}.Debug|Any CPU.Build.0 = Debug|Any CPU
		{523445A1-B886-4FC2-B0F7-3279D27AA258}.Release|Any CPU.ActiveCfg = Release|Any CPU
		{523445A1-B886-4FC2-B0F7-3279D27AA258}.Release|Any CPU.Build.0 = Release|Any CPU
		{1450C5C4-F055-B0AD-5469-9861C4E7D733}.Debug|Any CPU.ActiveCfg = Debug|Any CPU
		{1450C5C4-F055-B0AD-5469-9861C4E7D733}.Debug|Any CPU.Build.0 = Debug|Any CPU
		{1450C5C4-F055-B0AD-5469-9861C4E7D733}.Release|Any CPU.ActiveCfg = Release|Any CPU
		{1450C5C4-F055-B0AD-5469-9861C4E7D733}.Release|Any CPU.Build.0 = Release|Any CPU
	EndGlobalSection
	GlobalSection(SolutionProperties) = preSolution
		HideSolutionNode = FALSE
	EndGlobalSection
EndGlobal
